
Microsoft Visual Studio Solution File, Format Version 12.00
# Visual Studio Version 17
VisualStudioVersion = 17.4.33122.133
MinimumVisualStudioVersion = 10.0.40219.1
Project("{FAE04EC0-301F-11D3-BF4B-00C04F79EFBC}") = "wpfLauncher", "wpfLauncher\wpfLauncher.csproj", "{8FF4E7B9-47E8-4BE1-AE70-63E57AF216E5}"
EndProject
Global
	GlobalSection(SolutionConfigurationPlatforms) = preSolution
		Debug|Any CPU = Debug|Any CPU
		Release|Any CPU = Release|Any CPU
	EndGlobalSection
	GlobalSection(ProjectConfigurationPlatforms) = postSolution
		{8FF4E7B9-47E8-4BE1-AE70-63E57AF216E5}.Debug|Any CPU.ActiveCfg = Debug|Any CPU
		{8FF4E7B9-47E8-4BE1-AE70-63E57AF216E5}.Debug|Any CPU.Build.0 = Debug|Any CPU
		{8FF4E7B9-47E8-4BE1-AE70-63E57AF216E5}.Release|Any CPU.ActiveCfg = Release|Any CPU
		{8FF4E7B9-47E8-4BE1-AE70-63E57AF216E5}.Release|Any CPU.Build.0 = Release|Any CPU
	EndGlobalSection
	GlobalSection(SolutionProperties) = preSolution
		HideSolutionNode = FALSE
	EndGlobalSection
	GlobalSection(ExtensibilityGlobals) = postSolution
		SolutionGuid = {7D72D247-82F0-4C27-9121-56FAA2759920}
	EndGlobalSection
EndGlobal
